
Microsoft Visual Studio Solution File, Format Version 12.00
# Visual Studio Version 16
VisualStudioVersion = 16.0.29201.188
MinimumVisualStudioVersion = 10.0.40219.1
Project("{FAE04EC0-301F-11D3-BF4B-00C04F79EFBC}") = "T1-Koulunumero", "T1-Koulunumero\T1-Koulunumero.csproj", "{819E47A5-BA84-4207-8867-FC7F7209A436}"
EndProject
Project("{FAE04EC0-301F-11D3-BF4B-00C04F79EFBC}") = "T2-Mäkihyppy", "T2-Mäkihyppy\T2-Mäkihyppy.csproj", "{F1433293-AB49-45C6-A551-CFD03C4BC5A3}"
EndProject
Project("{FAE04EC0-301F-11D3-BF4B-00C04F79EFBC}") = "T3-Kulutus", "T3-Kulutus\T3-Kulutus.csproj", "{9CDA2986-81A2-47B2-8F9F-3A43E5EB51F6}"
EndProject
Project("{FAE04EC0-301F-11D3-BF4B-00C04F79EFBC}") = "T4-Palindromi", "T4-Palindromi\T4-Palindromi.csproj", "{7AB39FE0-A92D-4B71-96B1-3118EAE0A8B1}"
EndProject
Project("{FAE04EC0-301F-11D3-BF4B-00C04F79EFBC}") = "T5-Nimet", "T5-Nimet\T5-Nimet.csproj", "{6B743F2A-3070-4256-8B0A-1C7EC6BCAE10}"
EndProject
Project("{FAE04EC0-301F-11D3-BF4B-00C04F79EFBC}") = "T6-Kiuas", "T6-Kiuas\T6-Kiuas.csproj", "{C5E8E17C-AEE0-4AC2-8646-8BF99084BBA7}"
EndProject
Project("{FAE04EC0-301F-11D3-BF4B-00C04F79EFBC}") = "T7-Pesukone", "T7-Pesukone\T7-Pesukone.csproj", "{277BF457-E41A-4AC5-9538-9D1EEC3AF5ED}"
EndProject
Project("{FAE04EC0-301F-11D3-BF4B-00C04F79EFBC}") = "T8-Televisio", "T8-Televisio\T8-Televisio.csproj", "{B620A627-5C58-4955-B953-080453C4E084}"
EndProject
Project("{9A19103F-16F7-4668-BE54-9A1E7A4F7556}") = "T9-Vehicle", "T9-Vehicle\T9-Vehicle.csproj", "{98A5E1BB-4DC6-456D-9D21-17305A7BA535}"
EndProject
Project("{9A19103F-16F7-4668-BE54-9A1E7A4F7556}") = "T10-Opiskelija", "T10-Opiskelija\T10-Opiskelija.csproj", "{8EE8423A-A42F-4EDE-AD95-B18149CB213B}"
EndProject
Project("{9A19103F-16F7-4668-BE54-9A1E7A4F7556}") = "T15-Employees", "T15-Employees\T15-Employees.csproj", "{F9275314-452B-4F94-903B-6BD3E2873E0F}"
EndProject
Project("{9A19103F-16F7-4668-BE54-9A1E7A4F7556}") = "T11-CD", "T11-CD\T11-CD.csproj", "{93A99091-4AEE-41F9-B19E-770AACF88A5F}"
EndProject
Project("{9A19103F-16F7-4668-BE54-9A1E7A4F7556}") = "T20-Nisakas", "T20-Nisakas\T20-Nisakas.csproj", "{D8E1AB3F-6504-4EE9-9AF5-25CB5E788383}"
EndProject
Project("{9A19103F-16F7-4668-BE54-9A1E7A4F7556}") = "T26-Auto", "T26-Auto\T26-Auto.csproj", "{EF049491-7EE8-47DA-87B1-DA3D94DFD50A}"
EndProject
Project("{FAE04EC0-301F-11D3-BF4B-00C04F79EFBC}") = "T12-Tank", "T12-Tank\T12-Tank.csproj", "{BCA092B9-A687-4808-BABD-62FD321C99BE}"
EndProject
Global
	GlobalSection(SolutionConfigurationPlatforms) = preSolution
		Debug|Any CPU = Debug|Any CPU
		Release|Any CPU = Release|Any CPU
	EndGlobalSection
	GlobalSection(ProjectConfigurationPlatforms) = postSolution
		{819E47A5-BA84-4207-8867-FC7F7209A436}.Debug|Any CPU.ActiveCfg = Debug|Any CPU
		{819E47A5-BA84-4207-8867-FC7F7209A436}.Debug|Any CPU.Build.0 = Debug|Any CPU
		{819E47A5-BA84-4207-8867-FC7F7209A436}.Release|Any CPU.ActiveCfg = Release|Any CPU
		{819E47A5-BA84-4207-8867-FC7F7209A436}.Release|Any CPU.Build.0 = Release|Any CPU
		{F1433293-AB49-45C6-A551-CFD03C4BC5A3}.Debug|Any CPU.ActiveCfg = Debug|Any CPU
		{F1433293-AB49-45C6-A551-CFD03C4BC5A3}.Debug|Any CPU.Build.0 = Debug|Any CPU
		{F1433293-AB49-45C6-A551-CFD03C4BC5A3}.Release|Any CPU.ActiveCfg = Release|Any CPU
		{F1433293-AB49-45C6-A551-CFD03C4BC5A3}.Release|Any CPU.Build.0 = Release|Any CPU
		{9CDA2986-81A2-47B2-8F9F-3A43E5EB51F6}.Debug|Any CPU.ActiveCfg = Debug|Any CPU
		{9CDA2986-81A2-47B2-8F9F-3A43E5EB51F6}.Debug|Any CPU.Build.0 = Debug|Any CPU
		{9CDA2986-81A2-47B2-8F9F-3A43E5EB51F6}.Release|Any CPU.ActiveCfg = Release|Any CPU
		{9CDA2986-81A2-47B2-8F9F-3A43E5EB51F6}.Release|Any CPU.Build.0 = Release|Any CPU
		{7AB39FE0-A92D-4B71-96B1-3118EAE0A8B1}.Debug|Any CPU.ActiveCfg = Debug|Any CPU
		{7AB39FE0-A92D-4B71-96B1-3118EAE0A8B1}.Debug|Any CPU.Build.0 = Debug|Any CPU
		{7AB39FE0-A92D-4B71-96B1-3118EAE0A8B1}.Release|Any CPU.ActiveCfg = Release|Any CPU
		{7AB39FE0-A92D-4B71-96B1-3118EAE0A8B1}.Release|Any CPU.Build.0 = Release|Any CPU
		{6B743F2A-3070-4256-8B0A-1C7EC6BCAE10}.Debug|Any CPU.ActiveCfg = Debug|Any CPU
		{6B743F2A-3070-4256-8B0A-1C7EC6BCAE10}.Debug|Any CPU.Build.0 = Debug|Any CPU
		{6B743F2A-3070-4256-8B0A-1C7EC6BCAE10}.Release|Any CPU.ActiveCfg = Release|Any CPU
		{6B743F2A-3070-4256-8B0A-1C7EC6BCAE10}.Release|Any CPU.Build.0 = Release|Any CPU
		{C5E8E17C-AEE0-4AC2-8646-8BF99084BBA7}.Debug|Any CPU.ActiveCfg = Debug|Any CPU
		{C5E8E17C-AEE0-4AC2-8646-8BF99084BBA7}.Debug|Any CPU.Build.0 = Debug|Any CPU
		{C5E8E17C-AEE0-4AC2-8646-8BF99084BBA7}.Release|Any CPU.ActiveCfg = Release|Any CPU
		{C5E8E17C-AEE0-4AC2-8646-8BF99084BBA7}.Release|Any CPU.Build.0 = Release|Any CPU
		{277BF457-E41A-4AC5-9538-9D1EEC3AF5ED}.Debug|Any CPU.ActiveCfg = Debug|Any CPU
		{277BF457-E41A-4AC5-9538-9D1EEC3AF5ED}.Debug|Any CPU.Build.0 = Debug|Any CPU
		{277BF457-E41A-4AC5-9538-9D1EEC3AF5ED}.Release|Any CPU.ActiveCfg = Release|Any CPU
		{277BF457-E41A-4AC5-9538-9D1EEC3AF5ED}.Release|Any CPU.Build.0 = Release|Any CPU
		{B620A627-5C58-4955-B953-080453C4E084}.Debug|Any CPU.ActiveCfg = Debug|Any CPU
		{B620A627-5C58-4955-B953-080453C4E084}.Debug|Any CPU.Build.0 = Debug|Any CPU
		{B620A627-5C58-4955-B953-080453C4E084}.Release|Any CPU.ActiveCfg = Release|Any CPU
		{B620A627-5C58-4955-B953-080453C4E084}.Release|Any CPU.Build.0 = Release|Any CPU
		{98A5E1BB-4DC6-456D-9D21-17305A7BA535}.Debug|Any CPU.ActiveCfg = Debug|Any CPU
		{98A5E1BB-4DC6-456D-9D21-17305A7BA535}.Debug|Any CPU.Build.0 = Debug|Any CPU
		{98A5E1BB-4DC6-456D-9D21-17305A7BA535}.Release|Any CPU.ActiveCfg = Release|Any CPU
		{98A5E1BB-4DC6-456D-9D21-17305A7BA535}.Release|Any CPU.Build.0 = Release|Any CPU
		{8EE8423A-A42F-4EDE-AD95-B18149CB213B}.Debug|Any CPU.ActiveCfg = Debug|Any CPU
		{8EE8423A-A42F-4EDE-AD95-B18149CB213B}.Debug|Any CPU.Build.0 = Debug|Any CPU
		{8EE8423A-A42F-4EDE-AD95-B18149CB213B}.Release|Any CPU.ActiveCfg = Release|Any CPU
		{8EE8423A-A42F-4EDE-AD95-B18149CB213B}.Release|Any CPU.Build.0 = Release|Any CPU
		{F9275314-452B-4F94-903B-6BD3E2873E0F}.Debug|Any CPU.ActiveCfg = Debug|Any CPU
		{F9275314-452B-4F94-903B-6BD3E2873E0F}.Debug|Any CPU.Build.0 = Debug|Any CPU
		{F9275314-452B-4F94-903B-6BD3E2873E0F}.Release|Any CPU.ActiveCfg = Release|Any CPU
		{F9275314-452B-4F94-903B-6BD3E2873E0F}.Release|Any CPU.Build.0 = Release|Any CPU
		{93A99091-4AEE-41F9-B19E-770AACF88A5F}.Debug|Any CPU.ActiveCfg = Debug|Any CPU
		{93A99091-4AEE-41F9-B19E-770AACF88A5F}.Debug|Any CPU.Build.0 = Debug|Any CPU
		{93A99091-4AEE-41F9-B19E-770AACF88A5F}.Release|Any CPU.ActiveCfg = Release|Any CPU
		{93A99091-4AEE-41F9-B19E-770AACF88A5F}.Release|Any CPU.Build.0 = Release|Any CPU
		{D8E1AB3F-6504-4EE9-9AF5-25CB5E788383}.Debug|Any CPU.ActiveCfg = Debug|Any CPU
		{D8E1AB3F-6504-4EE9-9AF5-25CB5E788383}.Debug|Any CPU.Build.0 = Debug|Any CPU
		{D8E1AB3F-6504-4EE9-9AF5-25CB5E788383}.Release|Any CPU.ActiveCfg = Release|Any CPU
		{D8E1AB3F-6504-4EE9-9AF5-25CB5E788383}.Release|Any CPU.Build.0 = Release|Any CPU
		{EF049491-7EE8-47DA-87B1-DA3D94DFD50A}.Debug|Any CPU.ActiveCfg = Debug|Any CPU
		{EF049491-7EE8-47DA-87B1-DA3D94DFD50A}.Debug|Any CPU.Build.0 = Debug|Any CPU
		{EF049491-7EE8-47DA-87B1-DA3D94DFD50A}.Release|Any CPU.ActiveCfg = Release|Any CPU
		{EF049491-7EE8-47DA-87B1-DA3D94DFD50A}.Release|Any CPU.Build.0 = Release|Any CPU
		{BCA092B9-A687-4808-BABD-62FD321C99BE}.Debug|Any CPU.ActiveCfg = Debug|Any CPU
		{BCA092B9-A687-4808-BABD-62FD321C99BE}.Debug|Any CPU.Build.0 = Debug|Any CPU
		{BCA092B9-A687-4808-BABD-62FD321C99BE}.Release|Any CPU.ActiveCfg = Release|Any CPU
		{BCA092B9-A687-4808-BABD-62FD321C99BE}.Release|Any CPU.Build.0 = Release|Any CPU
	EndGlobalSection
	GlobalSection(SolutionProperties) = preSolution
		HideSolutionNode = FALSE
	EndGlobalSection
	GlobalSection(ExtensibilityGlobals) = postSolution
		SolutionGuid = {A38E6219-3BB6-45EC-8056-4DEEC3348E1D}
	EndGlobalSection
EndGlobal
