
Microsoft Visual Studio Solution File, Format Version 12.00
# Visual Studio Version 16
VisualStudioVersion = 16.0.29201.188
MinimumVisualStudioVersion = 10.0.40219.1
Project("{FAE04EC0-301F-11D3-BF4B-00C04F79EFBC}") = "T1-Koulunumero", "T1-Koulunumero\T1-Koulunumero.csproj", "{819E47A5-BA84-4207-8867-FC7F7209A436}"
EndProject
Project("{FAE04EC0-301F-11D3-BF4B-00C04F79EFBC}") = "T2-Mäkihyppy", "T2-Mäkihyppy\T2-Mäkihyppy.csproj", "{F1433293-AB49-45C6-A551-CFD03C4BC5A3}"
EndProject
Project("{FAE04EC0-301F-11D3-BF4B-00C04F79EFBC}") = "T3-Kulutus", "T3-Kulutus\T3-Kulutus.csproj", "{9CDA2986-81A2-47B2-8F9F-3A43E5EB51F6}"
EndProject
Project("{FAE04EC0-301F-11D3-BF4B-00C04F79EFBC}") = "T4-Palindromi", "T4-Palindromi\T4-Palindromi.csproj", "{7AB39FE0-A92D-4B71-96B1-3118EAE0A8B1}"
EndProject
Project("{FAE04EC0-301F-11D3-BF4B-00C04F79EFBC}") = "T5-Nimet", "T5-Nimet\T5-Nimet.csproj", "{6B743F2A-3070-4256-8B0A-1C7EC6BCAE10}"
EndProject
Project("{FAE04EC0-301F-11D3-BF4B-00C04F79EFBC}") = "T6-Kiuas", "T6-Kiuas\T6-Kiuas.csproj", "{C5E8E17C-AEE0-4AC2-8646-8BF99084BBA7}"
EndProject
Project("{FAE04EC0-301F-11D3-BF4B-00C04F79EFBC}") = "T7-Pesukone", "T7-Pesukone\T7-Pesukone.csproj", "{277BF457-E41A-4AC5-9538-9D1EEC3AF5ED}"
EndProject
Project("{FAE04EC0-301F-11D3-BF4B-00C04F79EFBC}") = "T8-Televisio", "T8-Televisio\T8-Televisio.csproj", "{B620A627-5C58-4955-B953-080453C4E084}"
EndProject
Project("{9A19103F-16F7-4668-BE54-9A1E7A4F7556}") = "T9-Vehicle", "T9-Vehicle\T9-Vehicle.csproj", "{98A5E1BB-4DC6-456D-9D21-17305A7BA535}"
EndProject
Project("{9A19103F-16F7-4668-BE54-9A1E7A4F7556}") = "T10-Opiskelija", "T10-Opiskelija\T10-Opiskelija.csproj", "{8EE8423A-A42F-4EDE-AD95-B18149CB213B}"
EndProject
Project("{9A19103F-16F7-4668-BE54-9A1E7A4F7556}") = "T15-Employees", "T15-Employees\T15-Employees.csproj", "{F9275314-452B-4F94-903B-6BD3E2873E0F}"
EndProject
Project("{9A19103F-16F7-4668-BE54-9A1E7A4F7556}") = "T11-CD", "T11-CD\T11-CD.csproj", "{93A99091-4AEE-41F9-B19E-770AACF88A5F}"
EndProject
Project("{9A19103F-16F7-4668-BE54-9A1E7A4F7556}") = "T20-Nisakas", "T20-Nisakas\T20-Nisakas.csproj", "{D8E1AB3F-6504-4EE9-9AF5-25CB5E788383}"
EndProject
Project("{9A19103F-16F7-4668-BE54-9A1E7A4F7556}") = "T26-Auto", "T26-Auto\T26-Auto.csproj", "{EF049491-7EE8-47DA-87B1-DA3D94DFD50A}"
EndProject
Project("{9A19103F-16F7-4668-BE54-9A1E7A4F7556}") = "T12-Tank", "T12-Tank\T12-Tank.csproj", "{BCA092B9-A687-4808-BABD-62FD321C99BE}"
EndProject
Project("{9A19103F-16F7-4668-BE54-9A1E7A4F7556}") = "T13-Elevator", "T13-Elevator\T13-Elevator.csproj", "{80596E3B-D2A4-4839-83A8-88556C28EB62}"
EndProject
Project("{9A19103F-16F7-4668-BE54-9A1E7A4F7556}") = "T14-Amplifier", "T14-Amplifier\T14-Amplifier.csproj", "{90662DAF-7C59-40E3-A6F8-4B1801388E10}"
EndProject
Project("{9A19103F-16F7-4668-BE54-9A1E7A4F7556}") = "T16-Vehicles", "T16-Vehicles\T16-Vehicles.csproj", "{F8E05611-AD23-42E4-906B-530791F8D58F}"
EndProject
Project("{9A19103F-16F7-4668-BE54-9A1E7A4F7556}") = "T17-Radio", "T17-Radio\T17-Radio.csproj", "{F96F830E-A15F-4314-A198-3C7D8318AC99}"
EndProject
Project("{9A19103F-16F7-4668-BE54-9A1E7A4F7556}") = "T18-Tavarat", "T18-Tavarat\T18-Tavarat.csproj", "{309A9230-855C-496E-A452-222B3581B430}"
EndProject
Project("{9A19103F-16F7-4668-BE54-9A1E7A4F7556}") = "T19-Perintä", "T19-Perintä\T19-Perintä.csproj", "{BC137904-158F-4F6E-BAE4-DA59581EF3F0}"
EndProject
Project("{9A19103F-16F7-4668-BE54-9A1E7A4F7556}") = "T23-NewCD", "T23-NewCD\T23-NewCD.csproj", "{6FDC136C-442E-4D02-A82F-3086CC9C1A54}"
EndProject
Project("{9A19103F-16F7-4668-BE54-9A1E7A4F7556}") = "T24-Kortit", "T24-Kortit\T24-Kortit.csproj", "{5EC0143D-0C24-43C3-BEE5-15FA79F10B06}"
EndProject
Project("{9A19103F-16F7-4668-BE54-9A1E7A4F7556}") = "T25-Jono", "T25-Jono\T25-Jono.csproj", "{C2F422A8-4FFD-4F41-8F24-E79044A38C65}"
EndProject
Project("{9A19103F-16F7-4668-BE54-9A1E7A4F7556}") = "T27-Kulkuneuvot", "T27-Kulkuneuvot\T27-Kulkuneuvot.csproj", "{A735E721-8C88-4A92-9374-70A6FE04C192}"
EndProject
Project("{9A19103F-16F7-4668-BE54-9A1E7A4F7556}") = "T28-Liiga", "T28-Liiga\T28-Liiga.csproj", "{FB1F1C41-0590-400C-829A-6AEB3CD5B8AA}"
EndProject
Project("{9A19103F-16F7-4668-BE54-9A1E7A4F7556}") = "T29-LiigaLevylle", "T29-LiigaLevylle\T29-LiigaLevylle.csproj", "{83EAEF33-83A7-4718-9C3F-F6900F33E05D}"
EndProject
Project("{9A19103F-16F7-4668-BE54-9A1E7A4F7556}") = "T34-Lambda", "T34-Lambda\T34-Lambda.csproj", "{FB65C8A9-D1E2-4A15-BD19-C21E882D7E3A}"
EndProject
Project("{9A19103F-16F7-4668-BE54-9A1E7A4F7556}") = "T30-Jääkaappi", "T30-Jääkaappi\T30-Jääkaappi.csproj", "{D5C3D9C3-E508-442A-ABF2-ED5367B41B05}"
EndProject
Project("{9A19103F-16F7-4668-BE54-9A1E7A4F7556}") = "T21-Kassa", "T21-Kassa\T21-Kassa.csproj", "{9F8681A1-5FFE-4F19-9BA1-28EE38B7C899}"
EndProject
Project("{9A19103F-16F7-4668-BE54-9A1E7A4F7556}") = "T22-Rajapinta", "T22-Rajapinta\T22-Rajapinta.csproj", "{C39C562E-B65B-415C-8C33-BB04ED850C0E}"
EndProject
Project("{9A19103F-16F7-4668-BE54-9A1E7A4F7556}") = "T31-MiniASIO", "T31-MiniASIO\T31-MiniASIO.csproj", "{0F6CFFC3-8F1C-41D8-A982-21AEB2B2D4CF}"
EndProject
Project("{9A19103F-16F7-4668-BE54-9A1E7A4F7556}") = "T33-Delegaatti", "T33-Delegaatti\T33-Delegaatti.csproj", "{4F82DA1C-DC59-4BD4-B028-ED74D38C9308}"
EndProject
Project("{FAE04EC0-301F-11D3-BF4B-00C04F79EFBC}") = "T32-Random", "T32-Random\T32-Random.csproj", "{7B8404B7-8CF8-402E-919A-A3189F280720}"
EndProject
Global
	GlobalSection(SolutionConfigurationPlatforms) = preSolution
		Debug|Any CPU = Debug|Any CPU
		Release|Any CPU = Release|Any CPU
	EndGlobalSection
	GlobalSection(ProjectConfigurationPlatforms) = postSolution
		{819E47A5-BA84-4207-8867-FC7F7209A436}.Debug|Any CPU.ActiveCfg = Debug|Any CPU
		{819E47A5-BA84-4207-8867-FC7F7209A436}.Debug|Any CPU.Build.0 = Debug|Any CPU
		{819E47A5-BA84-4207-8867-FC7F7209A436}.Release|Any CPU.ActiveCfg = Release|Any CPU
		{819E47A5-BA84-4207-8867-FC7F7209A436}.Release|Any CPU.Build.0 = Release|Any CPU
		{F1433293-AB49-45C6-A551-CFD03C4BC5A3}.Debug|Any CPU.ActiveCfg = Debug|Any CPU
		{F1433293-AB49-45C6-A551-CFD03C4BC5A3}.Debug|Any CPU.Build.0 = Debug|Any CPU
		{F1433293-AB49-45C6-A551-CFD03C4BC5A3}.Release|Any CPU.ActiveCfg = Release|Any CPU
		{F1433293-AB49-45C6-A551-CFD03C4BC5A3}.Release|Any CPU.Build.0 = Release|Any CPU
		{9CDA2986-81A2-47B2-8F9F-3A43E5EB51F6}.Debug|Any CPU.ActiveCfg = Debug|Any CPU
		{9CDA2986-81A2-47B2-8F9F-3A43E5EB51F6}.Debug|Any CPU.Build.0 = Debug|Any CPU
		{9CDA2986-81A2-47B2-8F9F-3A43E5EB51F6}.Release|Any CPU.ActiveCfg = Release|Any CPU
		{9CDA2986-81A2-47B2-8F9F-3A43E5EB51F6}.Release|Any CPU.Build.0 = Release|Any CPU
		{7AB39FE0-A92D-4B71-96B1-3118EAE0A8B1}.Debug|Any CPU.ActiveCfg = Debug|Any CPU
		{7AB39FE0-A92D-4B71-96B1-3118EAE0A8B1}.Debug|Any CPU.Build.0 = Debug|Any CPU
		{7AB39FE0-A92D-4B71-96B1-3118EAE0A8B1}.Release|Any CPU.ActiveCfg = Release|Any CPU
		{7AB39FE0-A92D-4B71-96B1-3118EAE0A8B1}.Release|Any CPU.Build.0 = Release|Any CPU
		{6B743F2A-3070-4256-8B0A-1C7EC6BCAE10}.Debug|Any CPU.ActiveCfg = Debug|Any CPU
		{6B743F2A-3070-4256-8B0A-1C7EC6BCAE10}.Debug|Any CPU.Build.0 = Debug|Any CPU
		{6B743F2A-3070-4256-8B0A-1C7EC6BCAE10}.Release|Any CPU.ActiveCfg = Release|Any CPU
		{6B743F2A-3070-4256-8B0A-1C7EC6BCAE10}.Release|Any CPU.Build.0 = Release|Any CPU
		{C5E8E17C-AEE0-4AC2-8646-8BF99084BBA7}.Debug|Any CPU.ActiveCfg = Debug|Any CPU
		{C5E8E17C-AEE0-4AC2-8646-8BF99084BBA7}.Debug|Any CPU.Build.0 = Debug|Any CPU
		{C5E8E17C-AEE0-4AC2-8646-8BF99084BBA7}.Release|Any CPU.ActiveCfg = Release|Any CPU
		{C5E8E17C-AEE0-4AC2-8646-8BF99084BBA7}.Release|Any CPU.Build.0 = Release|Any CPU
		{277BF457-E41A-4AC5-9538-9D1EEC3AF5ED}.Debug|Any CPU.ActiveCfg = Debug|Any CPU
		{277BF457-E41A-4AC5-9538-9D1EEC3AF5ED}.Debug|Any CPU.Build.0 = Debug|Any CPU
		{277BF457-E41A-4AC5-9538-9D1EEC3AF5ED}.Release|Any CPU.ActiveCfg = Release|Any CPU
		{277BF457-E41A-4AC5-9538-9D1EEC3AF5ED}.Release|Any CPU.Build.0 = Release|Any CPU
		{B620A627-5C58-4955-B953-080453C4E084}.Debug|Any CPU.ActiveCfg = Debug|Any CPU
		{B620A627-5C58-4955-B953-080453C4E084}.Debug|Any CPU.Build.0 = Debug|Any CPU
		{B620A627-5C58-4955-B953-080453C4E084}.Release|Any CPU.ActiveCfg = Release|Any CPU
		{B620A627-5C58-4955-B953-080453C4E084}.Release|Any CPU.Build.0 = Release|Any CPU
		{98A5E1BB-4DC6-456D-9D21-17305A7BA535}.Debug|Any CPU.ActiveCfg = Debug|Any CPU
		{98A5E1BB-4DC6-456D-9D21-17305A7BA535}.Debug|Any CPU.Build.0 = Debug|Any CPU
		{98A5E1BB-4DC6-456D-9D21-17305A7BA535}.Release|Any CPU.ActiveCfg = Release|Any CPU
		{98A5E1BB-4DC6-456D-9D21-17305A7BA535}.Release|Any CPU.Build.0 = Release|Any CPU
		{8EE8423A-A42F-4EDE-AD95-B18149CB213B}.Debug|Any CPU.ActiveCfg = Debug|Any CPU
		{8EE8423A-A42F-4EDE-AD95-B18149CB213B}.Debug|Any CPU.Build.0 = Debug|Any CPU
		{8EE8423A-A42F-4EDE-AD95-B18149CB213B}.Release|Any CPU.ActiveCfg = Release|Any CPU
		{8EE8423A-A42F-4EDE-AD95-B18149CB213B}.Release|Any CPU.Build.0 = Release|Any CPU
		{F9275314-452B-4F94-903B-6BD3E2873E0F}.Debug|Any CPU.ActiveCfg = Debug|Any CPU
		{F9275314-452B-4F94-903B-6BD3E2873E0F}.Debug|Any CPU.Build.0 = Debug|Any CPU
		{F9275314-452B-4F94-903B-6BD3E2873E0F}.Release|Any CPU.ActiveCfg = Release|Any CPU
		{F9275314-452B-4F94-903B-6BD3E2873E0F}.Release|Any CPU.Build.0 = Release|Any CPU
		{93A99091-4AEE-41F9-B19E-770AACF88A5F}.Debug|Any CPU.ActiveCfg = Debug|Any CPU
		{93A99091-4AEE-41F9-B19E-770AACF88A5F}.Debug|Any CPU.Build.0 = Debug|Any CPU
		{93A99091-4AEE-41F9-B19E-770AACF88A5F}.Release|Any CPU.ActiveCfg = Release|Any CPU
		{93A99091-4AEE-41F9-B19E-770AACF88A5F}.Release|Any CPU.Build.0 = Release|Any CPU
		{D8E1AB3F-6504-4EE9-9AF5-25CB5E788383}.Debug|Any CPU.ActiveCfg = Debug|Any CPU
		{D8E1AB3F-6504-4EE9-9AF5-25CB5E788383}.Debug|Any CPU.Build.0 = Debug|Any CPU
		{D8E1AB3F-6504-4EE9-9AF5-25CB5E788383}.Release|Any CPU.ActiveCfg = Release|Any CPU
		{D8E1AB3F-6504-4EE9-9AF5-25CB5E788383}.Release|Any CPU.Build.0 = Release|Any CPU
		{EF049491-7EE8-47DA-87B1-DA3D94DFD50A}.Debug|Any CPU.ActiveCfg = Debug|Any CPU
		{EF049491-7EE8-47DA-87B1-DA3D94DFD50A}.Debug|Any CPU.Build.0 = Debug|Any CPU
		{EF049491-7EE8-47DA-87B1-DA3D94DFD50A}.Release|Any CPU.ActiveCfg = Release|Any CPU
		{EF049491-7EE8-47DA-87B1-DA3D94DFD50A}.Release|Any CPU.Build.0 = Release|Any CPU
		{BCA092B9-A687-4808-BABD-62FD321C99BE}.Debug|Any CPU.ActiveCfg = Debug|Any CPU
		{BCA092B9-A687-4808-BABD-62FD321C99BE}.Debug|Any CPU.Build.0 = Debug|Any CPU
		{BCA092B9-A687-4808-BABD-62FD321C99BE}.Release|Any CPU.ActiveCfg = Release|Any CPU
		{BCA092B9-A687-4808-BABD-62FD321C99BE}.Release|Any CPU.Build.0 = Release|Any CPU
		{80596E3B-D2A4-4839-83A8-88556C28EB62}.Debug|Any CPU.ActiveCfg = Debug|Any CPU
		{80596E3B-D2A4-4839-83A8-88556C28EB62}.Debug|Any CPU.Build.0 = Debug|Any CPU
		{80596E3B-D2A4-4839-83A8-88556C28EB62}.Release|Any CPU.ActiveCfg = Release|Any CPU
		{80596E3B-D2A4-4839-83A8-88556C28EB62}.Release|Any CPU.Build.0 = Release|Any CPU
		{90662DAF-7C59-40E3-A6F8-4B1801388E10}.Debug|Any CPU.ActiveCfg = Debug|Any CPU
		{90662DAF-7C59-40E3-A6F8-4B1801388E10}.Debug|Any CPU.Build.0 = Debug|Any CPU
		{90662DAF-7C59-40E3-A6F8-4B1801388E10}.Release|Any CPU.ActiveCfg = Release|Any CPU
		{90662DAF-7C59-40E3-A6F8-4B1801388E10}.Release|Any CPU.Build.0 = Release|Any CPU
		{F8E05611-AD23-42E4-906B-530791F8D58F}.Debug|Any CPU.ActiveCfg = Debug|Any CPU
		{F8E05611-AD23-42E4-906B-530791F8D58F}.Debug|Any CPU.Build.0 = Debug|Any CPU
		{F8E05611-AD23-42E4-906B-530791F8D58F}.Release|Any CPU.ActiveCfg = Release|Any CPU
		{F8E05611-AD23-42E4-906B-530791F8D58F}.Release|Any CPU.Build.0 = Release|Any CPU
		{F96F830E-A15F-4314-A198-3C7D8318AC99}.Debug|Any CPU.ActiveCfg = Debug|Any CPU
		{F96F830E-A15F-4314-A198-3C7D8318AC99}.Debug|Any CPU.Build.0 = Debug|Any CPU
		{F96F830E-A15F-4314-A198-3C7D8318AC99}.Release|Any CPU.ActiveCfg = Release|Any CPU
		{F96F830E-A15F-4314-A198-3C7D8318AC99}.Release|Any CPU.Build.0 = Release|Any CPU
		{309A9230-855C-496E-A452-222B3581B430}.Debug|Any CPU.ActiveCfg = Debug|Any CPU
		{309A9230-855C-496E-A452-222B3581B430}.Debug|Any CPU.Build.0 = Debug|Any CPU
		{309A9230-855C-496E-A452-222B3581B430}.Release|Any CPU.ActiveCfg = Release|Any CPU
		{309A9230-855C-496E-A452-222B3581B430}.Release|Any CPU.Build.0 = Release|Any CPU
		{BC137904-158F-4F6E-BAE4-DA59581EF3F0}.Debug|Any CPU.ActiveCfg = Debug|Any CPU
		{BC137904-158F-4F6E-BAE4-DA59581EF3F0}.Debug|Any CPU.Build.0 = Debug|Any CPU
		{BC137904-158F-4F6E-BAE4-DA59581EF3F0}.Release|Any CPU.ActiveCfg = Release|Any CPU
		{BC137904-158F-4F6E-BAE4-DA59581EF3F0}.Release|Any CPU.Build.0 = Release|Any CPU
		{6FDC136C-442E-4D02-A82F-3086CC9C1A54}.Debug|Any CPU.ActiveCfg = Debug|Any CPU
		{6FDC136C-442E-4D02-A82F-3086CC9C1A54}.Debug|Any CPU.Build.0 = Debug|Any CPU
		{6FDC136C-442E-4D02-A82F-3086CC9C1A54}.Release|Any CPU.ActiveCfg = Release|Any CPU
		{6FDC136C-442E-4D02-A82F-3086CC9C1A54}.Release|Any CPU.Build.0 = Release|Any CPU
		{5EC0143D-0C24-43C3-BEE5-15FA79F10B06}.Debug|Any CPU.ActiveCfg = Debug|Any CPU
		{5EC0143D-0C24-43C3-BEE5-15FA79F10B06}.Debug|Any CPU.Build.0 = Debug|Any CPU
		{5EC0143D-0C24-43C3-BEE5-15FA79F10B06}.Release|Any CPU.ActiveCfg = Release|Any CPU
		{5EC0143D-0C24-43C3-BEE5-15FA79F10B06}.Release|Any CPU.Build.0 = Release|Any CPU
		{C2F422A8-4FFD-4F41-8F24-E79044A38C65}.Debug|Any CPU.ActiveCfg = Debug|Any CPU
		{C2F422A8-4FFD-4F41-8F24-E79044A38C65}.Debug|Any CPU.Build.0 = Debug|Any CPU
		{C2F422A8-4FFD-4F41-8F24-E79044A38C65}.Release|Any CPU.ActiveCfg = Release|Any CPU
		{C2F422A8-4FFD-4F41-8F24-E79044A38C65}.Release|Any CPU.Build.0 = Release|Any CPU
		{A735E721-8C88-4A92-9374-70A6FE04C192}.Debug|Any CPU.ActiveCfg = Debug|Any CPU
		{A735E721-8C88-4A92-9374-70A6FE04C192}.Debug|Any CPU.Build.0 = Debug|Any CPU
		{A735E721-8C88-4A92-9374-70A6FE04C192}.Release|Any CPU.ActiveCfg = Release|Any CPU
		{A735E721-8C88-4A92-9374-70A6FE04C192}.Release|Any CPU.Build.0 = Release|Any CPU
		{FB1F1C41-0590-400C-829A-6AEB3CD5B8AA}.Debug|Any CPU.ActiveCfg = Debug|Any CPU
		{FB1F1C41-0590-400C-829A-6AEB3CD5B8AA}.Debug|Any CPU.Build.0 = Debug|Any CPU
		{FB1F1C41-0590-400C-829A-6AEB3CD5B8AA}.Release|Any CPU.ActiveCfg = Release|Any CPU
		{FB1F1C41-0590-400C-829A-6AEB3CD5B8AA}.Release|Any CPU.Build.0 = Release|Any CPU
		{83EAEF33-83A7-4718-9C3F-F6900F33E05D}.Debug|Any CPU.ActiveCfg = Debug|Any CPU
		{83EAEF33-83A7-4718-9C3F-F6900F33E05D}.Debug|Any CPU.Build.0 = Debug|Any CPU
		{83EAEF33-83A7-4718-9C3F-F6900F33E05D}.Release|Any CPU.ActiveCfg = Release|Any CPU
		{83EAEF33-83A7-4718-9C3F-F6900F33E05D}.Release|Any CPU.Build.0 = Release|Any CPU
		{FB65C8A9-D1E2-4A15-BD19-C21E882D7E3A}.Debug|Any CPU.ActiveCfg = Debug|Any CPU
		{FB65C8A9-D1E2-4A15-BD19-C21E882D7E3A}.Debug|Any CPU.Build.0 = Debug|Any CPU
		{FB65C8A9-D1E2-4A15-BD19-C21E882D7E3A}.Release|Any CPU.ActiveCfg = Release|Any CPU
		{FB65C8A9-D1E2-4A15-BD19-C21E882D7E3A}.Release|Any CPU.Build.0 = Release|Any CPU
		{D5C3D9C3-E508-442A-ABF2-ED5367B41B05}.Debug|Any CPU.ActiveCfg = Debug|Any CPU
		{D5C3D9C3-E508-442A-ABF2-ED5367B41B05}.Debug|Any CPU.Build.0 = Debug|Any CPU
		{D5C3D9C3-E508-442A-ABF2-ED5367B41B05}.Release|Any CPU.ActiveCfg = Release|Any CPU
		{D5C3D9C3-E508-442A-ABF2-ED5367B41B05}.Release|Any CPU.Build.0 = Release|Any CPU
		{9F8681A1-5FFE-4F19-9BA1-28EE38B7C899}.Debug|Any CPU.ActiveCfg = Debug|Any CPU
		{9F8681A1-5FFE-4F19-9BA1-28EE38B7C899}.Debug|Any CPU.Build.0 = Debug|Any CPU
		{9F8681A1-5FFE-4F19-9BA1-28EE38B7C899}.Release|Any CPU.ActiveCfg = Release|Any CPU
		{9F8681A1-5FFE-4F19-9BA1-28EE38B7C899}.Release|Any CPU.Build.0 = Release|Any CPU
		{C39C562E-B65B-415C-8C33-BB04ED850C0E}.Debug|Any CPU.ActiveCfg = Debug|Any CPU
		{C39C562E-B65B-415C-8C33-BB04ED850C0E}.Debug|Any CPU.Build.0 = Debug|Any CPU
		{C39C562E-B65B-415C-8C33-BB04ED850C0E}.Release|Any CPU.ActiveCfg = Release|Any CPU
		{C39C562E-B65B-415C-8C33-BB04ED850C0E}.Release|Any CPU.Build.0 = Release|Any CPU
		{0F6CFFC3-8F1C-41D8-A982-21AEB2B2D4CF}.Debug|Any CPU.ActiveCfg = Debug|Any CPU
		{0F6CFFC3-8F1C-41D8-A982-21AEB2B2D4CF}.Debug|Any CPU.Build.0 = Debug|Any CPU
		{0F6CFFC3-8F1C-41D8-A982-21AEB2B2D4CF}.Release|Any CPU.ActiveCfg = Release|Any CPU
		{0F6CFFC3-8F1C-41D8-A982-21AEB2B2D4CF}.Release|Any CPU.Build.0 = Release|Any CPU
		{4F82DA1C-DC59-4BD4-B028-ED74D38C9308}.Debug|Any CPU.ActiveCfg = Debug|Any CPU
		{4F82DA1C-DC59-4BD4-B028-ED74D38C9308}.Debug|Any CPU.Build.0 = Debug|Any CPU
		{4F82DA1C-DC59-4BD4-B028-ED74D38C9308}.Release|Any CPU.ActiveCfg = Release|Any CPU
		{4F82DA1C-DC59-4BD4-B028-ED74D38C9308}.Release|Any CPU.Build.0 = Release|Any CPU
		{7B8404B7-8CF8-402E-919A-A3189F280720}.Debug|Any CPU.ActiveCfg = Debug|Any CPU
		{7B8404B7-8CF8-402E-919A-A3189F280720}.Debug|Any CPU.Build.0 = Debug|Any CPU
		{7B8404B7-8CF8-402E-919A-A3189F280720}.Release|Any CPU.ActiveCfg = Release|Any CPU
		{7B8404B7-8CF8-402E-919A-A3189F280720}.Release|Any CPU.Build.0 = Release|Any CPU
	EndGlobalSection
	GlobalSection(SolutionProperties) = preSolution
		HideSolutionNode = FALSE
	EndGlobalSection
	GlobalSection(ExtensibilityGlobals) = postSolution
		SolutionGuid = {A38E6219-3BB6-45EC-8056-4DEEC3348E1D}
	EndGlobalSection
EndGlobal
